// !$*UTF8*$!
{
	archiveVersion = 1;
	classes = {
	};
	objectVersion = 46;
	objects = {

/* Begin PBXBuildFile section */
		8008EBA71BDB3FD5003F038E /* HangmanLevelViewController.swift in Sources */ = {isa = PBXBuildFile; fileRef = 8008EBA61BDB3FD5003F038E /* HangmanLevelViewController.swift */; };
		8008EBA91BDB40D6003F038E /* HangmanCameraViewController.swift in Sources */ = {isa = PBXBuildFile; fileRef = 8008EBA81BDB40D6003F038E /* HangmanCameraViewController.swift */; };
		8008EBAB1BDB4177003F038E /* MazeLevelViewController.swift in Sources */ = {isa = PBXBuildFile; fileRef = 8008EBAA1BDB4177003F038E /* MazeLevelViewController.swift */; };
		8008EBAD1BDB4181003F038E /* MazeCameraViewController.swift in Sources */ = {isa = PBXBuildFile; fileRef = 8008EBAC1BDB4181003F038E /* MazeCameraViewController.swift */; };
		80131A8E1BD2F1E6004D1247 /* Networking.swift in Sources */ = {isa = PBXBuildFile; fileRef = 80131A8D1BD2F1E6004D1247 /* Networking.swift */; };
		801590EC1C7FC0A70011872B /* LoginViewController.swift in Sources */ = {isa = PBXBuildFile; fileRef = 801590EB1C7FC0A70011872B /* LoginViewController.swift */; };
		801590F21C7FC7F50011872B /* UIMaterialTextField.swift in Sources */ = {isa = PBXBuildFile; fileRef = 801590F11C7FC7F50011872B /* UIMaterialTextField.swift */; };
		80194B861C9DEC6D00DF04EA /* CompassViewOLD.swift in Sources */ = {isa = PBXBuildFile; fileRef = 80194B851C9DEC6D00DF04EA /* CompassViewOLD.swift */; };
		801E76D51C6805D40077A379 /* level1.plist in Resources */ = {isa = PBXBuildFile; fileRef = 801E76D41C6805D40077A379 /* level1.plist */; };
		802369471C73BEDE00840D30 /* LevelPicker.xib in Resources */ = {isa = PBXBuildFile; fileRef = 802369461C73BEDE00840D30 /* LevelPicker.xib */; };
		8026AB011BDC525B00D0818F /* GenericCameraViewController.swift in Sources */ = {isa = PBXBuildFile; fileRef = 8026AB001BDC525B00D0818F /* GenericCameraViewController.swift */; };
		804927871C97BAD200410B1A /* LevelBadge.swift in Sources */ = {isa = PBXBuildFile; fileRef = 804927861C97BAD200410B1A /* LevelBadge.swift */; };
		804EF5541BEFE1610091ED22 /* JigsawLevelViewController.swift in Sources */ = {isa = PBXBuildFile; fileRef = 804EF5531BEFE1610091ED22 /* JigsawLevelViewController.swift */; };
		804EF5561BEFE1920091ED22 /* JigsawCameraViewController.swift in Sources */ = {isa = PBXBuildFile; fileRef = 804EF5551BEFE1920091ED22 /* JigsawCameraViewController.swift */; };
		804EF55B1BEFEDA00091ED22 /* QRTile.swift in Sources */ = {isa = PBXBuildFile; fileRef = 804EF55A1BEFEDA00091ED22 /* QRTile.swift */; };
		804EF55D1BF001580091ED22 /* QRTileTarget.swift in Sources */ = {isa = PBXBuildFile; fileRef = 804EF55C1BF001580091ED22 /* QRTileTarget.swift */; };
		805BCC141C9D28F1008B4536 /* CompassView.swift in Sources */ = {isa = PBXBuildFile; fileRef = 805BCC131C9D28F1008B4536 /* CompassView.swift */; };
		80685A051C7A7873000AAB9E /* ScoreBox.swift in Sources */ = {isa = PBXBuildFile; fileRef = 80685A041C7A7873000AAB9E /* ScoreBox.swift */; };
		807ABCB11BD08598008D5B31 /* LevelPickerViewController.swift in Sources */ = {isa = PBXBuildFile; fileRef = 807ABCB01BD08598008D5B31 /* LevelPickerViewController.swift */; };
		8095FE6B1C43006C00AADAF6 /* JigsawGameController.swift in Sources */ = {isa = PBXBuildFile; fileRef = 8095FE6A1C43006C00AADAF6 /* JigsawGameController.swift */; };
		809866621BE9BE9C00B3FE9D /* MazeTile.swift in Sources */ = {isa = PBXBuildFile; fileRef = 809866611BE9BE9C00B3FE9D /* MazeTile.swift */; };
		809866641BE9DC6400B3FE9D /* MazeToken.swift in Sources */ = {isa = PBXBuildFile; fileRef = 809866631BE9DC6400B3FE9D /* MazeToken.swift */; };
		80A8577D1C3CC8C0003F7BE8 /* MazeGameController.swift in Sources */ = {isa = PBXBuildFile; fileRef = 80A8577C1C3CC8C0003F7BE8 /* MazeGameController.swift */; };
		80B0EAC01BE7031400639ADC /* Anonymous.ttf in Resources */ = {isa = PBXBuildFile; fileRef = 80B0EABE1BE7030800639ADC /* Anonymous.ttf */; };
		80B195011BF5645A00B5C3CE /* HangmanTile.swift in Sources */ = {isa = PBXBuildFile; fileRef = 80B195001BF5645A00B5C3CE /* HangmanTile.swift */; };
		80B195031BF5685F00B5C3CE /* Config.swift in Sources */ = {isa = PBXBuildFile; fileRef = 80B195021BF5685F00B5C3CE /* Config.swift */; };
		80B195051BF56C4500B5C3CE /* HangmanGameController.swift in Sources */ = {isa = PBXBuildFile; fileRef = 80B195041BF56C4500B5C3CE /* HangmanGameController.swift */; };
		80B195081BF56CD900B5C3CE /* Level.swift in Sources */ = {isa = PBXBuildFile; fileRef = 80B195071BF56CD900B5C3CE /* Level.swift */; };
		80B6E4A21C96338A002761D8 /* PopUpViewController_iPad.xib in Resources */ = {isa = PBXBuildFile; fileRef = 80B6E49D1C96338A002761D8 /* PopUpViewController_iPad.xib */; };
		80B6E4A31C96338A002761D8 /* PopUpViewController_iPhone6.xib in Resources */ = {isa = PBXBuildFile; fileRef = 80B6E49E1C96338A002761D8 /* PopUpViewController_iPhone6.xib */; };
		80B6E4A41C96338A002761D8 /* PopUpViewController_iPhone6Plus.xib in Resources */ = {isa = PBXBuildFile; fileRef = 80B6E49F1C96338A002761D8 /* PopUpViewController_iPhone6Plus.xib */; };
		80B6E4A51C96338A002761D8 /* PopUpViewController.xib in Resources */ = {isa = PBXBuildFile; fileRef = 80B6E4A01C96338A002761D8 /* PopUpViewController.xib */; };
		80B6E4A61C96338A002761D8 /* PopUpViewControllerSwift.swift in Sources */ = {isa = PBXBuildFile; fileRef = 80B6E4A11C96338A002761D8 /* PopUpViewControllerSwift.swift */; };
		80B6E4A81C9685E2002761D8 /* StageCompletedViewController.swift in Sources */ = {isa = PBXBuildFile; fileRef = 80B6E4A71C9685E2002761D8 /* StageCompletedViewController.swift */; };
		80BE27E71BDC3580000E9F6C /* GenericLevelViewController.swift in Sources */ = {isa = PBXBuildFile; fileRef = 80BE27E61BDC3580000E9F6C /* GenericLevelViewController.swift */; };
		80CBB5BD1C79926400D705A7 /* ScoreManager.swift in Sources */ = {isa = PBXBuildFile; fileRef = 80CBB5BC1C79926400D705A7 /* ScoreManager.swift */; };
		80CBB5BF1C79952900D705A7 /* AchievementManager.swift in Sources */ = {isa = PBXBuildFile; fileRef = 80CBB5BE1C79952900D705A7 /* AchievementManager.swift */; };
		80CDFA8F1C7513DF002E44E6 /* LevelManager.swift in Sources */ = {isa = PBXBuildFile; fileRef = 80CDFA8E1C7513DF002E44E6 /* LevelManager.swift */; };
		80EB858F1C83ABC700AC37A7 /* MootViewController.swift in Sources */ = {isa = PBXBuildFile; fileRef = 80EB858E1C83ABC700AC37A7 /* MootViewController.swift */; };
		80EB85931C8462C700AC37A7 /* AchievementTableViewCell.swift in Sources */ = {isa = PBXBuildFile; fileRef = 80EB85921C8462C700AC37A7 /* AchievementTableViewCell.swift */; };
		80EB85951C8479F400AC37A7 /* Achievement.swift in Sources */ = {isa = PBXBuildFile; fileRef = 80EB85941C8479F400AC37A7 /* Achievement.swift */; };
		80ECB47E1C891CBC007559A8 /* AchievementDataController.swift in Sources */ = {isa = PBXBuildFile; fileRef = 80ECB47D1C891CBC007559A8 /* AchievementDataController.swift */; };
		80ECB4801C896722007559A8 /* AchievementViewController.swift in Sources */ = {isa = PBXBuildFile; fileRef = 80ECB47F1C896722007559A8 /* AchievementViewController.swift */; };
		80ED1F081BB25A400011A410 /* AppDelegate.swift in Sources */ = {isa = PBXBuildFile; fileRef = 80ED1F071BB25A400011A410 /* AppDelegate.swift */; };
		80ED1F0D1BB25A400011A410 /* Main.storyboard in Resources */ = {isa = PBXBuildFile; fileRef = 80ED1F0B1BB25A400011A410 /* Main.storyboard */; };
		80ED1F0F1BB25A400011A410 /* Images.xcassets in Resources */ = {isa = PBXBuildFile; fileRef = 80ED1F0E1BB25A400011A410 /* Images.xcassets */; };
		80ED1F121BB25A400011A410 /* LaunchScreen.xib in Resources */ = {isa = PBXBuildFile; fileRef = 80ED1F101BB25A400011A410 /* LaunchScreen.xib */; };
		80ED1F1E1BB25A400011A410 /* ThesisTests.swift in Sources */ = {isa = PBXBuildFile; fileRef = 80ED1F1D1BB25A400011A410 /* ThesisTests.swift */; };
		80F0DD4F1C5EBBB2002A8037 /* GenericGameController.swift in Sources */ = {isa = PBXBuildFile; fileRef = 80F0DD4E1C5EBBB2002A8037 /* GenericGameController.swift */; };
		80FD13871C73D2A60085BB50 /* LevelTile.swift in Sources */ = {isa = PBXBuildFile; fileRef = 80FD13861C73D2A60085BB50 /* LevelTile.swift */; };
		D25535E7CE531B4FDEB88348 /* Pods.framework in Frameworks */ = {isa = PBXBuildFile; fileRef = 3D0E432790B86DDDF9FF2648 /* Pods.framework */; };
/* End PBXBuildFile section */

/* Begin PBXContainerItemProxy section */
		80ED1F181BB25A400011A410 /* PBXContainerItemProxy */ = {
			isa = PBXContainerItemProxy;
			containerPortal = 80ED1EFA1BB25A400011A410 /* Project object */;
			proxyType = 1;
			remoteGlobalIDString = 80ED1F011BB25A400011A410;
			remoteInfo = Thesis;
		};
/* End PBXContainerItemProxy section */

/* Begin PBXCopyFilesBuildPhase section */
		80E7DA351BC1F36B006B6DEA /* Embed Frameworks */ = {
			isa = PBXCopyFilesBuildPhase;
			buildActionMask = 2147483647;
			dstPath = "";
			dstSubfolderSpec = 10;
			files = (
			);
			name = "Embed Frameworks";
			runOnlyForDeploymentPostprocessing = 0;
		};
/* End PBXCopyFilesBuildPhase section */

/* Begin PBXFileReference section */
		30C934D8C887B31102363E45 /* Pods.release.xcconfig */ = {isa = PBXFileReference; includeInIndex = 1; lastKnownFileType = text.xcconfig; name = Pods.release.xcconfig; path = "Pods/Target Support Files/Pods/Pods.release.xcconfig"; sourceTree = "<group>"; };
		3D0E432790B86DDDF9FF2648 /* Pods.framework */ = {isa = PBXFileReference; explicitFileType = wrapper.framework; includeInIndex = 0; path = Pods.framework; sourceTree = BUILT_PRODUCTS_DIR; };
		8008EBA61BDB3FD5003F038E /* HangmanLevelViewController.swift */ = {isa = PBXFileReference; fileEncoding = 4; lastKnownFileType = sourcecode.swift; path = HangmanLevelViewController.swift; sourceTree = "<group>"; };
		8008EBA81BDB40D6003F038E /* HangmanCameraViewController.swift */ = {isa = PBXFileReference; fileEncoding = 4; lastKnownFileType = sourcecode.swift; path = HangmanCameraViewController.swift; sourceTree = "<group>"; };
		8008EBAA1BDB4177003F038E /* MazeLevelViewController.swift */ = {isa = PBXFileReference; fileEncoding = 4; lastKnownFileType = sourcecode.swift; path = MazeLevelViewController.swift; sourceTree = "<group>"; };
		8008EBAC1BDB4181003F038E /* MazeCameraViewController.swift */ = {isa = PBXFileReference; fileEncoding = 4; lastKnownFileType = sourcecode.swift; path = MazeCameraViewController.swift; sourceTree = "<group>"; };
		80131A8D1BD2F1E6004D1247 /* Networking.swift */ = {isa = PBXFileReference; fileEncoding = 4; lastKnownFileType = sourcecode.swift; path = Networking.swift; sourceTree = "<group>"; };
		801590EB1C7FC0A70011872B /* LoginViewController.swift */ = {isa = PBXFileReference; fileEncoding = 4; lastKnownFileType = sourcecode.swift; path = LoginViewController.swift; sourceTree = "<group>"; };
		801590F11C7FC7F50011872B /* UIMaterialTextField.swift */ = {isa = PBXFileReference; fileEncoding = 4; lastKnownFileType = sourcecode.swift; path = UIMaterialTextField.swift; sourceTree = "<group>"; };
		80194B851C9DEC6D00DF04EA /* CompassViewOLD.swift */ = {isa = PBXFileReference; fileEncoding = 4; lastKnownFileType = sourcecode.swift; path = CompassViewOLD.swift; sourceTree = "<group>"; };
		801E76D41C6805D40077A379 /* level1.plist */ = {isa = PBXFileReference; fileEncoding = 4; lastKnownFileType = text.plist.xml; path = level1.plist; sourceTree = "<group>"; };
		802369461C73BEDE00840D30 /* LevelPicker.xib */ = {isa = PBXFileReference; fileEncoding = 4; lastKnownFileType = file.xib; path = LevelPicker.xib; sourceTree = "<group>"; };
		8026AB001BDC525B00D0818F /* GenericCameraViewController.swift */ = {isa = PBXFileReference; fileEncoding = 4; lastKnownFileType = sourcecode.swift; path = GenericCameraViewController.swift; sourceTree = "<group>"; };
		804927861C97BAD200410B1A /* LevelBadge.swift */ = {isa = PBXFileReference; fileEncoding = 4; lastKnownFileType = sourcecode.swift; path = LevelBadge.swift; sourceTree = "<group>"; };
		804EF5531BEFE1610091ED22 /* JigsawLevelViewController.swift */ = {isa = PBXFileReference; fileEncoding = 4; lastKnownFileType = sourcecode.swift; path = JigsawLevelViewController.swift; sourceTree = "<group>"; };
		804EF5551BEFE1920091ED22 /* JigsawCameraViewController.swift */ = {isa = PBXFileReference; fileEncoding = 4; lastKnownFileType = sourcecode.swift; path = JigsawCameraViewController.swift; sourceTree = "<group>"; };
		804EF55A1BEFEDA00091ED22 /* QRTile.swift */ = {isa = PBXFileReference; fileEncoding = 4; lastKnownFileType = sourcecode.swift; path = QRTile.swift; sourceTree = "<group>"; };
		804EF55C1BF001580091ED22 /* QRTileTarget.swift */ = {isa = PBXFileReference; fileEncoding = 4; lastKnownFileType = sourcecode.swift; path = QRTileTarget.swift; sourceTree = "<group>"; };
		805BCC131C9D28F1008B4536 /* CompassView.swift */ = {isa = PBXFileReference; fileEncoding = 4; lastKnownFileType = sourcecode.swift; path = CompassView.swift; sourceTree = "<group>"; };
		80685A041C7A7873000AAB9E /* ScoreBox.swift */ = {isa = PBXFileReference; fileEncoding = 4; lastKnownFileType = sourcecode.swift; path = ScoreBox.swift; sourceTree = "<group>"; };
		807ABCB01BD08598008D5B31 /* LevelPickerViewController.swift */ = {isa = PBXFileReference; fileEncoding = 4; lastKnownFileType = sourcecode.swift; path = LevelPickerViewController.swift; sourceTree = "<group>"; };
		8095FE6A1C43006C00AADAF6 /* JigsawGameController.swift */ = {isa = PBXFileReference; fileEncoding = 4; lastKnownFileType = sourcecode.swift; path = JigsawGameController.swift; sourceTree = "<group>"; };
		809866611BE9BE9C00B3FE9D /* MazeTile.swift */ = {isa = PBXFileReference; fileEncoding = 4; lastKnownFileType = sourcecode.swift; path = MazeTile.swift; sourceTree = "<group>"; };
		809866631BE9DC6400B3FE9D /* MazeToken.swift */ = {isa = PBXFileReference; fileEncoding = 4; lastKnownFileType = sourcecode.swift; path = MazeToken.swift; sourceTree = "<group>"; };
		80A8577C1C3CC8C0003F7BE8 /* MazeGameController.swift */ = {isa = PBXFileReference; fileEncoding = 4; lastKnownFileType = sourcecode.swift; path = MazeGameController.swift; sourceTree = "<group>"; };
		80B0EABE1BE7030800639ADC /* Anonymous.ttf */ = {isa = PBXFileReference; lastKnownFileType = file; path = Anonymous.ttf; sourceTree = "<group>"; };
		80B195001BF5645A00B5C3CE /* HangmanTile.swift */ = {isa = PBXFileReference; fileEncoding = 4; lastKnownFileType = sourcecode.swift; path = HangmanTile.swift; sourceTree = "<group>"; };
		80B195021BF5685F00B5C3CE /* Config.swift */ = {isa = PBXFileReference; fileEncoding = 4; lastKnownFileType = sourcecode.swift; path = Config.swift; sourceTree = "<group>"; };
		80B195041BF56C4500B5C3CE /* HangmanGameController.swift */ = {isa = PBXFileReference; fileEncoding = 4; indentWidth = 5; lastKnownFileType = sourcecode.swift; path = HangmanGameController.swift; sourceTree = "<group>"; };
		80B195071BF56CD900B5C3CE /* Level.swift */ = {isa = PBXFileReference; fileEncoding = 4; lastKnownFileType = sourcecode.swift; path = Level.swift; sourceTree = "<group>"; };
		80B6E49D1C96338A002761D8 /* PopUpViewController_iPad.xib */ = {isa = PBXFileReference; fileEncoding = 4; lastKnownFileType = file.xib; path = PopUpViewController_iPad.xib; sourceTree = "<group>"; };
		80B6E49E1C96338A002761D8 /* PopUpViewController_iPhone6.xib */ = {isa = PBXFileReference; fileEncoding = 4; lastKnownFileType = file.xib; path = PopUpViewController_iPhone6.xib; sourceTree = "<group>"; };
		80B6E49F1C96338A002761D8 /* PopUpViewController_iPhone6Plus.xib */ = {isa = PBXFileReference; fileEncoding = 4; lastKnownFileType = file.xib; path = PopUpViewController_iPhone6Plus.xib; sourceTree = "<group>"; };
		80B6E4A01C96338A002761D8 /* PopUpViewController.xib */ = {isa = PBXFileReference; fileEncoding = 4; lastKnownFileType = file.xib; path = PopUpViewController.xib; sourceTree = "<group>"; };
		80B6E4A11C96338A002761D8 /* PopUpViewControllerSwift.swift */ = {isa = PBXFileReference; fileEncoding = 4; lastKnownFileType = sourcecode.swift; path = PopUpViewControllerSwift.swift; sourceTree = "<group>"; };
		80B6E4A71C9685E2002761D8 /* StageCompletedViewController.swift */ = {isa = PBXFileReference; fileEncoding = 4; lastKnownFileType = sourcecode.swift; path = StageCompletedViewController.swift; sourceTree = "<group>"; };
		80BE27E61BDC3580000E9F6C /* GenericLevelViewController.swift */ = {isa = PBXFileReference; fileEncoding = 4; lastKnownFileType = sourcecode.swift; path = GenericLevelViewController.swift; sourceTree = "<group>"; };
		80CBB5BC1C79926400D705A7 /* ScoreManager.swift */ = {isa = PBXFileReference; fileEncoding = 4; lastKnownFileType = sourcecode.swift; path = ScoreManager.swift; sourceTree = "<group>"; };
		80CBB5BE1C79952900D705A7 /* AchievementManager.swift */ = {isa = PBXFileReference; fileEncoding = 4; lastKnownFileType = sourcecode.swift; path = AchievementManager.swift; sourceTree = "<group>"; };
		80CDFA8E1C7513DF002E44E6 /* LevelManager.swift */ = {isa = PBXFileReference; fileEncoding = 4; lastKnownFileType = sourcecode.swift; path = LevelManager.swift; sourceTree = "<group>"; };
		80EB858E1C83ABC700AC37A7 /* MootViewController.swift */ = {isa = PBXFileReference; fileEncoding = 4; lastKnownFileType = sourcecode.swift; path = MootViewController.swift; sourceTree = "<group>"; };
		80EB85921C8462C700AC37A7 /* AchievementTableViewCell.swift */ = {isa = PBXFileReference; fileEncoding = 4; lastKnownFileType = sourcecode.swift; path = AchievementTableViewCell.swift; sourceTree = "<group>"; };
		80EB85941C8479F400AC37A7 /* Achievement.swift */ = {isa = PBXFileReference; fileEncoding = 4; lastKnownFileType = sourcecode.swift; path = Achievement.swift; sourceTree = "<group>"; };
		80ECB47D1C891CBC007559A8 /* AchievementDataController.swift */ = {isa = PBXFileReference; fileEncoding = 4; lastKnownFileType = sourcecode.swift; path = AchievementDataController.swift; sourceTree = "<group>"; };
		80ECB47F1C896722007559A8 /* AchievementViewController.swift */ = {isa = PBXFileReference; fileEncoding = 4; lastKnownFileType = sourcecode.swift; path = AchievementViewController.swift; sourceTree = "<group>"; };
		80ED1F021BB25A400011A410 /* Moot.app */ = {isa = PBXFileReference; explicitFileType = wrapper.application; includeInIndex = 0; path = Moot.app; sourceTree = BUILT_PRODUCTS_DIR; };
		80ED1F061BB25A400011A410 /* Info.plist */ = {isa = PBXFileReference; lastKnownFileType = text.plist.xml; path = Info.plist; sourceTree = "<group>"; };
		80ED1F071BB25A400011A410 /* AppDelegate.swift */ = {isa = PBXFileReference; lastKnownFileType = sourcecode.swift; path = AppDelegate.swift; sourceTree = "<group>"; };
		80ED1F0C1BB25A400011A410 /* Base */ = {isa = PBXFileReference; lastKnownFileType = file.storyboard; name = Base; path = Base.lproj/Main.storyboard; sourceTree = "<group>"; };
		80ED1F0E1BB25A400011A410 /* Images.xcassets */ = {isa = PBXFileReference; lastKnownFileType = folder.assetcatalog; path = Images.xcassets; sourceTree = "<group>"; };
		80ED1F111BB25A400011A410 /* Base */ = {isa = PBXFileReference; lastKnownFileType = file.xib; name = Base; path = Base.lproj/LaunchScreen.xib; sourceTree = "<group>"; };
		80ED1F171BB25A400011A410 /* Moot.xctest */ = {isa = PBXFileReference; explicitFileType = wrapper.cfbundle; includeInIndex = 0; path = Moot.xctest; sourceTree = BUILT_PRODUCTS_DIR; };
		80ED1F1C1BB25A400011A410 /* Info.plist */ = {isa = PBXFileReference; lastKnownFileType = text.plist.xml; path = Info.plist; sourceTree = "<group>"; };
		80ED1F1D1BB25A400011A410 /* ThesisTests.swift */ = {isa = PBXFileReference; lastKnownFileType = sourcecode.swift; path = ThesisTests.swift; sourceTree = "<group>"; };
		80F0DD4E1C5EBBB2002A8037 /* GenericGameController.swift */ = {isa = PBXFileReference; fileEncoding = 4; lastKnownFileType = sourcecode.swift; path = GenericGameController.swift; sourceTree = "<group>"; };
		80FD13861C73D2A60085BB50 /* LevelTile.swift */ = {isa = PBXFileReference; fileEncoding = 4; lastKnownFileType = sourcecode.swift; path = LevelTile.swift; sourceTree = "<group>"; };
		A29897A7F59ED46F5CC3779B /* Pods.debug.xcconfig */ = {isa = PBXFileReference; includeInIndex = 1; lastKnownFileType = text.xcconfig; name = Pods.debug.xcconfig; path = "Pods/Target Support Files/Pods/Pods.debug.xcconfig"; sourceTree = "<group>"; };
/* End PBXFileReference section */

/* Begin PBXFrameworksBuildPhase section */
		80ED1EFF1BB25A400011A410 /* Frameworks */ = {
			isa = PBXFrameworksBuildPhase;
			buildActionMask = 2147483647;
			files = (
				D25535E7CE531B4FDEB88348 /* Pods.framework in Frameworks */,
			);
			runOnlyForDeploymentPostprocessing = 0;
		};
		80ED1F141BB25A400011A410 /* Frameworks */ = {
			isa = PBXFrameworksBuildPhase;
			buildActionMask = 2147483647;
			files = (
			);
			runOnlyForDeploymentPostprocessing = 0;
		};
/* End PBXFrameworksBuildPhase section */

/* Begin PBXGroup section */
		379BDA1BB562F022E6D98E22 /* Pods */ = {
			isa = PBXGroup;
			children = (
				A29897A7F59ED46F5CC3779B /* Pods.debug.xcconfig */,
				30C934D8C887B31102363E45 /* Pods.release.xcconfig */,
			);
			name = Pods;
			sourceTree = "<group>";
		};
		5495AD499A20477506B83285 /* Frameworks */ = {
			isa = PBXGroup;
			children = (
				3D0E432790B86DDDF9FF2648 /* Pods.framework */,
			);
			name = Frameworks;
			sourceTree = "<group>";
		};
		80B0EABD1BE702CE00639ADC /* Assets */ = {
			isa = PBXGroup;
			children = (
				80B0EABE1BE7030800639ADC /* Anonymous.ttf */,
			);
			name = Assets;
			sourceTree = "<group>";
		};
		80B6E4921C963344002761D8 /* NMPopUpView */ = {
			isa = PBXGroup;
			children = (
				80ED1F0E1BB25A400011A410 /* Images.xcassets */,
				80B6E49D1C96338A002761D8 /* PopUpViewController_iPad.xib */,
				80B6E49E1C96338A002761D8 /* PopUpViewController_iPhone6.xib */,
				80B6E49F1C96338A002761D8 /* PopUpViewController_iPhone6Plus.xib */,
				80B6E4A01C96338A002761D8 /* PopUpViewController.xib */,
				80B6E4A11C96338A002761D8 /* PopUpViewControllerSwift.swift */,
			);
			name = NMPopUpView;
			sourceTree = "<group>";
		};
		80ED1EF91BB25A400011A410 = {
			isa = PBXGroup;
			children = (
				80ED1F041BB25A400011A410 /* Thesis */,
				80ED1F1A1BB25A400011A410 /* ThesisTests */,
				80ED1F031BB25A400011A410 /* Products */,
				379BDA1BB562F022E6D98E22 /* Pods */,
				5495AD499A20477506B83285 /* Frameworks */,
			);
			sourceTree = "<group>";
		};
		80ED1F031BB25A400011A410 /* Products */ = {
			isa = PBXGroup;
			children = (
				80ED1F021BB25A400011A410 /* Moot.app */,
				80ED1F171BB25A400011A410 /* Moot.xctest */,
			);
			name = Products;
			sourceTree = "<group>";
		};
		80ED1F041BB25A400011A410 /* Thesis */ = {
			isa = PBXGroup;
			children = (
				80ED1F071BB25A400011A410 /* AppDelegate.swift */,
				80B195021BF5685F00B5C3CE /* Config.swift */,
				80131A8D1BD2F1E6004D1247 /* Networking.swift */,
				80ED1F0B1BB25A400011A410 /* Main.storyboard */,
				802369461C73BEDE00840D30 /* LevelPicker.xib */,
				80F0DD551C5EEE19002A8037 /* Levels */,
				80F0DD541C5EEDEE002A8037 /* Classes */,
				80B0EABD1BE702CE00639ADC /* Assets */,
				80B6E4921C963344002761D8 /* NMPopUpView */,
				80ED1F101BB25A400011A410 /* LaunchScreen.xib */,
				80ED1F051BB25A400011A410 /* Supporting Files */,
			);
			path = Thesis;
			sourceTree = "<group>";
		};
		80ED1F051BB25A400011A410 /* Supporting Files */ = {
			isa = PBXGroup;
			children = (
				80ED1F061BB25A400011A410 /* Info.plist */,
			);
			name = "Supporting Files";
			sourceTree = "<group>";
		};
		80ED1F1A1BB25A400011A410 /* ThesisTests */ = {
			isa = PBXGroup;
			children = (
				80ED1F1D1BB25A400011A410 /* ThesisTests.swift */,
				80ED1F1B1BB25A400011A410 /* Supporting Files */,
			);
			path = ThesisTests;
			sourceTree = "<group>";
		};
		80ED1F1B1BB25A400011A410 /* Supporting Files */ = {
			isa = PBXGroup;
			children = (
				80ED1F1C1BB25A400011A410 /* Info.plist */,
			);
			name = "Supporting Files";
			sourceTree = "<group>";
		};
		80F0DD501C5EE90D002A8037 /* Models */ = {
			isa = PBXGroup;
			children = (
				80B195071BF56CD900B5C3CE /* Level.swift */,
				80CDFA8E1C7513DF002E44E6 /* LevelManager.swift */,
				80FD13861C73D2A60085BB50 /* LevelTile.swift */,
				80CBB5BC1C79926400D705A7 /* ScoreManager.swift */,
				80CBB5BE1C79952900D705A7 /* AchievementManager.swift */,
				80EB85921C8462C700AC37A7 /* AchievementTableViewCell.swift */,
				80EB85941C8479F400AC37A7 /* Achievement.swift */,
				80B195001BF5645A00B5C3CE /* HangmanTile.swift */,
				809866631BE9DC6400B3FE9D /* MazeToken.swift */,
				809866611BE9BE9C00B3FE9D /* MazeTile.swift */,
				804EF55A1BEFEDA00091ED22 /* QRTile.swift */,
				804EF55C1BF001580091ED22 /* QRTileTarget.swift */,
				80685A041C7A7873000AAB9E /* ScoreBox.swift */,
				804927861C97BAD200410B1A /* LevelBadge.swift */,
				801590F11C7FC7F50011872B /* UIMaterialTextField.swift */,
				805BCC131C9D28F1008B4536 /* CompassView.swift */,
				80194B851C9DEC6D00DF04EA /* CompassViewOLD.swift */,
			);
			name = Models;
			sourceTree = "<group>";
		};
		80F0DD511C5EE91B002A8037 /* Views */ = {
			isa = PBXGroup;
			children = (
				80F0DD531C5EE969002A8037 /* Camera Views */,
				80EB858E1C83ABC700AC37A7 /* MootViewController.swift */,
				80ECB47F1C896722007559A8 /* AchievementViewController.swift */,
				801590EB1C7FC0A70011872B /* LoginViewController.swift */,
				807ABCB01BD08598008D5B31 /* LevelPickerViewController.swift */,
				80BE27E61BDC3580000E9F6C /* GenericLevelViewController.swift */,
				8008EBA61BDB3FD5003F038E /* HangmanLevelViewController.swift */,
				8008EBAA1BDB4177003F038E /* MazeLevelViewController.swift */,
				804EF5531BEFE1610091ED22 /* JigsawLevelViewController.swift */,
				80B6E4A71C9685E2002761D8 /* StageCompletedViewController.swift */,
			);
			name = Views;
			sourceTree = "<group>";
		};
		80F0DD521C5EE91F002A8037 /* Controllers */ = {
			isa = PBXGroup;
			children = (
				80ECB47D1C891CBC007559A8 /* AchievementDataController.swift */,
				80F0DD4E1C5EBBB2002A8037 /* GenericGameController.swift */,
				80B195041BF56C4500B5C3CE /* HangmanGameController.swift */,
				80A8577C1C3CC8C0003F7BE8 /* MazeGameController.swift */,
				8095FE6A1C43006C00AADAF6 /* JigsawGameController.swift */,
			);
			name = Controllers;
			sourceTree = "<group>";
		};
		80F0DD531C5EE969002A8037 /* Camera Views */ = {
			isa = PBXGroup;
			children = (
				8026AB001BDC525B00D0818F /* GenericCameraViewController.swift */,
				8008EBA81BDB40D6003F038E /* HangmanCameraViewController.swift */,
				8008EBAC1BDB4181003F038E /* MazeCameraViewController.swift */,
				804EF5551BEFE1920091ED22 /* JigsawCameraViewController.swift */,
			);
			name = "Camera Views";
			sourceTree = "<group>";
		};
		80F0DD541C5EEDEE002A8037 /* Classes */ = {
			isa = PBXGroup;
			children = (
				80F0DD501C5EE90D002A8037 /* Models */,
				80F0DD511C5EE91B002A8037 /* Views */,
				80F0DD521C5EE91F002A8037 /* Controllers */,
			);
			name = Classes;
			sourceTree = "<group>";
		};
		80F0DD551C5EEE19002A8037 /* Levels */ = {
			isa = PBXGroup;
			children = (
				801E76D41C6805D40077A379 /* level1.plist */,
			);
			name = Levels;
			sourceTree = "<group>";
		};
/* End PBXGroup section */

/* Begin PBXNativeTarget section */
		80ED1F011BB25A400011A410 /* Thesis */ = {
			isa = PBXNativeTarget;
			buildConfigurationList = 80ED1F211BB25A400011A410 /* Build configuration list for PBXNativeTarget "Thesis" */;
			buildPhases = (
				9992ACD523008C63D1DD3D6C /* Check Pods Manifest.lock */,
				80ED1EFE1BB25A400011A410 /* Sources */,
				80ED1EFF1BB25A400011A410 /* Frameworks */,
				80ED1F001BB25A400011A410 /* Resources */,
				80E7DA351BC1F36B006B6DEA /* Embed Frameworks */,
				A7FF11E2C0A0B291901E1297 /* Embed Pods Frameworks */,
				78FA634C2BC869A3EEC2DCDE /* Copy Pods Resources */,
			);
			buildRules = (
			);
			dependencies = (
			);
			name = Thesis;
			productName = Thesis;
			productReference = 80ED1F021BB25A400011A410 /* Moot.app */;
			productType = "com.apple.product-type.application";
		};
		80ED1F161BB25A400011A410 /* ThesisTests */ = {
			isa = PBXNativeTarget;
			buildConfigurationList = 80ED1F241BB25A400011A410 /* Build configuration list for PBXNativeTarget "ThesisTests" */;
			buildPhases = (
				80ED1F131BB25A400011A410 /* Sources */,
				80ED1F141BB25A400011A410 /* Frameworks */,
				80ED1F151BB25A400011A410 /* Resources */,
			);
			buildRules = (
			);
			dependencies = (
				80ED1F191BB25A400011A410 /* PBXTargetDependency */,
			);
			name = ThesisTests;
			productName = ThesisTests;
			productReference = 80ED1F171BB25A400011A410 /* Moot.xctest */;
			productType = "com.apple.product-type.bundle.unit-test";
		};
/* End PBXNativeTarget section */

/* Begin PBXProject section */
		80ED1EFA1BB25A400011A410 /* Project object */ = {
			isa = PBXProject;
			attributes = {
				LastSwiftUpdateCheck = 0700;
				LastUpgradeCheck = 0700;
				ORGANIZATIONNAME = "Erin Bleiweiss";
				TargetAttributes = {
					80ED1F011BB25A400011A410 = {
						CreatedOnToolsVersion = 6.2;
						DevelopmentTeam = K4SGE5A3WA;
					};
					80ED1F161BB25A400011A410 = {
						CreatedOnToolsVersion = 6.2;
						TestTargetID = 80ED1F011BB25A400011A410;
					};
				};
			};
			buildConfigurationList = 80ED1EFD1BB25A400011A410 /* Build configuration list for PBXProject "Thesis" */;
			compatibilityVersion = "Xcode 3.2";
			developmentRegion = English;
			hasScannedForEncodings = 0;
			knownRegions = (
				en,
				Base,
			);
			mainGroup = 80ED1EF91BB25A400011A410;
			productRefGroup = 80ED1F031BB25A400011A410 /* Products */;
			projectDirPath = "";
			projectRoot = "";
			targets = (
				80ED1F011BB25A400011A410 /* Thesis */,
				80ED1F161BB25A400011A410 /* ThesisTests */,
			);
		};
/* End PBXProject section */

/* Begin PBXResourcesBuildPhase section */
		80ED1F001BB25A400011A410 /* Resources */ = {
			isa = PBXResourcesBuildPhase;
			buildActionMask = 2147483647;
			files = (
				80B6E4A21C96338A002761D8 /* PopUpViewController_iPad.xib in Resources */,
				80B6E4A51C96338A002761D8 /* PopUpViewController.xib in Resources */,
				80B6E4A41C96338A002761D8 /* PopUpViewController_iPhone6Plus.xib in Resources */,
				80B0EAC01BE7031400639ADC /* Anonymous.ttf in Resources */,
				80ED1F0D1BB25A400011A410 /* Main.storyboard in Resources */,
				80B6E4A31C96338A002761D8 /* PopUpViewController_iPhone6.xib in Resources */,
				801E76D51C6805D40077A379 /* level1.plist in Resources */,
				802369471C73BEDE00840D30 /* LevelPicker.xib in Resources */,
				80ED1F121BB25A400011A410 /* LaunchScreen.xib in Resources */,
				80ED1F0F1BB25A400011A410 /* Images.xcassets in Resources */,
			);
			runOnlyForDeploymentPostprocessing = 0;
		};
		80ED1F151BB25A400011A410 /* Resources */ = {
			isa = PBXResourcesBuildPhase;
			buildActionMask = 2147483647;
			files = (
			);
			runOnlyForDeploymentPostprocessing = 0;
		};
/* End PBXResourcesBuildPhase section */

/* Begin PBXShellScriptBuildPhase section */
		78FA634C2BC869A3EEC2DCDE /* Copy Pods Resources */ = {
			isa = PBXShellScriptBuildPhase;
			buildActionMask = 2147483647;
			files = (
			);
			inputPaths = (
			);
			name = "Copy Pods Resources";
			outputPaths = (
			);
			runOnlyForDeploymentPostprocessing = 0;
			shellPath = /bin/sh;
			shellScript = "\"${SRCROOT}/Pods/Target Support Files/Pods/Pods-resources.sh\"\n";
			showEnvVarsInLog = 0;
		};
		9992ACD523008C63D1DD3D6C /* Check Pods Manifest.lock */ = {
			isa = PBXShellScriptBuildPhase;
			buildActionMask = 2147483647;
			files = (
			);
			inputPaths = (
			);
			name = "Check Pods Manifest.lock";
			outputPaths = (
			);
			runOnlyForDeploymentPostprocessing = 0;
			shellPath = /bin/sh;
			shellScript = "diff \"${PODS_ROOT}/../Podfile.lock\" \"${PODS_ROOT}/Manifest.lock\" > /dev/null\nif [[ $? != 0 ]] ; then\n    cat << EOM\nerror: The sandbox is not in sync with the Podfile.lock. Run 'pod install' or update your CocoaPods installation.\nEOM\n    exit 1\nfi\n";
			showEnvVarsInLog = 0;
		};
		A7FF11E2C0A0B291901E1297 /* Embed Pods Frameworks */ = {
			isa = PBXShellScriptBuildPhase;
			buildActionMask = 2147483647;
			files = (
			);
			inputPaths = (
			);
			name = "Embed Pods Frameworks";
			outputPaths = (
			);
			runOnlyForDeploymentPostprocessing = 0;
			shellPath = /bin/sh;
			shellScript = "\"${SRCROOT}/Pods/Target Support Files/Pods/Pods-frameworks.sh\"\n";
			showEnvVarsInLog = 0;
		};
/* End PBXShellScriptBuildPhase section */

/* Begin PBXSourcesBuildPhase section */
		80ED1EFE1BB25A400011A410 /* Sources */ = {
			isa = PBXSourcesBuildPhase;
			buildActionMask = 2147483647;
			files = (
				809866621BE9BE9C00B3FE9D /* MazeTile.swift in Sources */,
				804EF5541BEFE1610091ED22 /* JigsawLevelViewController.swift in Sources */,
				804EF5561BEFE1920091ED22 /* JigsawCameraViewController.swift in Sources */,
				80131A8E1BD2F1E6004D1247 /* Networking.swift in Sources */,
				80B195031BF5685F00B5C3CE /* Config.swift in Sources */,
				80EB85951C8479F400AC37A7 /* Achievement.swift in Sources */,
				801590EC1C7FC0A70011872B /* LoginViewController.swift in Sources */,
				809866641BE9DC6400B3FE9D /* MazeToken.swift in Sources */,
				8008EBA91BDB40D6003F038E /* HangmanCameraViewController.swift in Sources */,
				801590F21C7FC7F50011872B /* UIMaterialTextField.swift in Sources */,
				80A8577D1C3CC8C0003F7BE8 /* MazeGameController.swift in Sources */,
				8026AB011BDC525B00D0818F /* GenericCameraViewController.swift in Sources */,
				804EF55B1BEFEDA00091ED22 /* QRTile.swift in Sources */,
				80CBB5BD1C79926400D705A7 /* ScoreManager.swift in Sources */,
				80B195051BF56C4500B5C3CE /* HangmanGameController.swift in Sources */,
				804EF55D1BF001580091ED22 /* QRTileTarget.swift in Sources */,
				807ABCB11BD08598008D5B31 /* LevelPickerViewController.swift in Sources */,
				80EB858F1C83ABC700AC37A7 /* MootViewController.swift in Sources */,
				804927871C97BAD200410B1A /* LevelBadge.swift in Sources */,
				805BCC141C9D28F1008B4536 /* CompassView.swift in Sources */,
				8095FE6B1C43006C00AADAF6 /* JigsawGameController.swift in Sources */,
				80B6E4A81C9685E2002761D8 /* StageCompletedViewController.swift in Sources */,
				80BE27E71BDC3580000E9F6C /* GenericLevelViewController.swift in Sources */,
				80FD13871C73D2A60085BB50 /* LevelTile.swift in Sources */,
				80ECB47E1C891CBC007559A8 /* AchievementDataController.swift in Sources */,
				8008EBAB1BDB4177003F038E /* MazeLevelViewController.swift in Sources */,
				80CDFA8F1C7513DF002E44E6 /* LevelManager.swift in Sources */,
				80CBB5BF1C79952900D705A7 /* AchievementManager.swift in Sources */,
				80ECB4801C896722007559A8 /* AchievementViewController.swift in Sources */,
				80F0DD4F1C5EBBB2002A8037 /* GenericGameController.swift in Sources */,
				80685A051C7A7873000AAB9E /* ScoreBox.swift in Sources */,
				80194B861C9DEC6D00DF04EA /* CompassViewOLD.swift in Sources */,
				80B6E4A61C96338A002761D8 /* PopUpViewControllerSwift.swift in Sources */,
				80B195081BF56CD900B5C3CE /* Level.swift in Sources */,
				8008EBAD1BDB4181003F038E /* MazeCameraViewController.swift in Sources */,
				80B195011BF5645A00B5C3CE /* HangmanTile.swift in Sources */,
				8008EBA71BDB3FD5003F038E /* HangmanLevelViewController.swift in Sources */,
				80ED1F081BB25A400011A410 /* AppDelegate.swift in Sources */,
				80EB85931C8462C700AC37A7 /* AchievementTableViewCell.swift in Sources */,
			);
			runOnlyForDeploymentPostprocessing = 0;
		};
		80ED1F131BB25A400011A410 /* Sources */ = {
			isa = PBXSourcesBuildPhase;
			buildActionMask = 2147483647;
			files = (
				80ED1F1E1BB25A400011A410 /* ThesisTests.swift in Sources */,
			);
			runOnlyForDeploymentPostprocessing = 0;
		};
/* End PBXSourcesBuildPhase section */

/* Begin PBXTargetDependency section */
		80ED1F191BB25A400011A410 /* PBXTargetDependency */ = {
			isa = PBXTargetDependency;
			target = 80ED1F011BB25A400011A410 /* Thesis */;
			targetProxy = 80ED1F181BB25A400011A410 /* PBXContainerItemProxy */;
		};
/* End PBXTargetDependency section */

/* Begin PBXVariantGroup section */
		80ED1F0B1BB25A400011A410 /* Main.storyboard */ = {
			isa = PBXVariantGroup;
			children = (
				80ED1F0C1BB25A400011A410 /* Base */,
			);
			name = Main.storyboard;
			sourceTree = "<group>";
		};
		80ED1F101BB25A400011A410 /* LaunchScreen.xib */ = {
			isa = PBXVariantGroup;
			children = (
				80ED1F111BB25A400011A410 /* Base */,
			);
			name = LaunchScreen.xib;
			sourceTree = "<group>";
		};
/* End PBXVariantGroup section */

/* Begin XCBuildConfiguration section */
		80ED1F1F1BB25A400011A410 /* Debug */ = {
			isa = XCBuildConfiguration;
			buildSettings = {
				ALWAYS_SEARCH_USER_PATHS = NO;
				CLANG_CXX_LANGUAGE_STANDARD = "gnu++0x";
				CLANG_CXX_LIBRARY = "libc++";
				CLANG_ENABLE_MODULES = YES;
				CLANG_ENABLE_OBJC_ARC = YES;
				CLANG_WARN_BOOL_CONVERSION = YES;
				CLANG_WARN_CONSTANT_CONVERSION = YES;
				CLANG_WARN_DIRECT_OBJC_ISA_USAGE = YES_ERROR;
				CLANG_WARN_EMPTY_BODY = YES;
				CLANG_WARN_ENUM_CONVERSION = YES;
				CLANG_WARN_INT_CONVERSION = YES;
				CLANG_WARN_OBJC_ROOT_CLASS = YES_ERROR;
				CLANG_WARN_UNREACHABLE_CODE = YES;
				CLANG_WARN__DUPLICATE_METHOD_MATCH = YES;
				"CODE_SIGN_IDENTITY[sdk=iphoneos*]" = "iPhone Developer";
				COPY_PHASE_STRIP = NO;
				ENABLE_STRICT_OBJC_MSGSEND = YES;
				ENABLE_TESTABILITY = YES;
				GCC_C_LANGUAGE_STANDARD = gnu99;
				GCC_DYNAMIC_NO_PIC = NO;
				GCC_OPTIMIZATION_LEVEL = 0;
				GCC_PREPROCESSOR_DEFINITIONS = (
					"DEBUG=1",
					"$(inherited)",
				);
				GCC_SYMBOLS_PRIVATE_EXTERN = NO;
				GCC_WARN_64_TO_32_BIT_CONVERSION = YES;
				GCC_WARN_ABOUT_RETURN_TYPE = YES_ERROR;
				GCC_WARN_UNDECLARED_SELECTOR = YES;
				GCC_WARN_UNINITIALIZED_AUTOS = YES_AGGRESSIVE;
				GCC_WARN_UNUSED_FUNCTION = YES;
				GCC_WARN_UNUSED_VARIABLE = YES;
				IPHONEOS_DEPLOYMENT_TARGET = 8.2;
				MTL_ENABLE_DEBUG_INFO = YES;
				ONLY_ACTIVE_ARCH = YES;
				SDKROOT = iphoneos;
				SWIFT_OPTIMIZATION_LEVEL = "-Onone";
				TARGETED_DEVICE_FAMILY = "1,2";
			};
			name = Debug;
		};
		80ED1F201BB25A400011A410 /* Release */ = {
			isa = XCBuildConfiguration;
			buildSettings = {
				ALWAYS_SEARCH_USER_PATHS = NO;
				CLANG_CXX_LANGUAGE_STANDARD = "gnu++0x";
				CLANG_CXX_LIBRARY = "libc++";
				CLANG_ENABLE_MODULES = YES;
				CLANG_ENABLE_OBJC_ARC = YES;
				CLANG_WARN_BOOL_CONVERSION = YES;
				CLANG_WARN_CONSTANT_CONVERSION = YES;
				CLANG_WARN_DIRECT_OBJC_ISA_USAGE = YES_ERROR;
				CLANG_WARN_EMPTY_BODY = YES;
				CLANG_WARN_ENUM_CONVERSION = YES;
				CLANG_WARN_INT_CONVERSION = YES;
				CLANG_WARN_OBJC_ROOT_CLASS = YES_ERROR;
				CLANG_WARN_UNREACHABLE_CODE = YES;
				CLANG_WARN__DUPLICATE_METHOD_MATCH = YES;
				"CODE_SIGN_IDENTITY[sdk=iphoneos*]" = "iPhone Developer";
				COPY_PHASE_STRIP = NO;
				ENABLE_NS_ASSERTIONS = NO;
				ENABLE_STRICT_OBJC_MSGSEND = YES;
				GCC_C_LANGUAGE_STANDARD = gnu99;
				GCC_WARN_64_TO_32_BIT_CONVERSION = YES;
				GCC_WARN_ABOUT_RETURN_TYPE = YES_ERROR;
				GCC_WARN_UNDECLARED_SELECTOR = YES;
				GCC_WARN_UNINITIALIZED_AUTOS = YES_AGGRESSIVE;
				GCC_WARN_UNUSED_FUNCTION = YES;
				GCC_WARN_UNUSED_VARIABLE = YES;
				IPHONEOS_DEPLOYMENT_TARGET = 8.2;
				MTL_ENABLE_DEBUG_INFO = NO;
				SDKROOT = iphoneos;
				TARGETED_DEVICE_FAMILY = "1,2";
				VALIDATE_PRODUCT = YES;
			};
			name = Release;
		};
		80ED1F221BB25A400011A410 /* Debug */ = {
			isa = XCBuildConfiguration;
			baseConfigurationReference = A29897A7F59ED46F5CC3779B /* Pods.debug.xcconfig */;
			buildSettings = {
				ASSETCATALOG_COMPILER_APPICON_NAME = AppIcon;
				CODE_SIGN_IDENTITY = "iPhone Developer";
				"CODE_SIGN_IDENTITY[sdk=iphoneos*]" = "iPhone Developer";
				EMBEDDED_CONTENT_CONTAINS_SWIFT = YES;
				INFOPLIST_FILE = Thesis/Info.plist;
				LD_RUNPATH_SEARCH_PATHS = "$(inherited) @executable_path/Frameworks";
				PRODUCT_BUNDLE_IDENTIFIER = com.bleiweiss.Thesis;
				PRODUCT_NAME = Moot;
				PROVISIONING_PROFILE = "";
			};
			name = Debug;
		};
		80ED1F231BB25A400011A410 /* Release */ = {
			isa = XCBuildConfiguration;
			baseConfigurationReference = 30C934D8C887B31102363E45 /* Pods.release.xcconfig */;
			buildSettings = {
				ASSETCATALOG_COMPILER_APPICON_NAME = AppIcon;
				CODE_SIGN_IDENTITY = "iPhone Developer";
				"CODE_SIGN_IDENTITY[sdk=iphoneos*]" = "iPhone Developer";
				EMBEDDED_CONTENT_CONTAINS_SWIFT = YES;
				INFOPLIST_FILE = Thesis/Info.plist;
				LD_RUNPATH_SEARCH_PATHS = "$(inherited) @executable_path/Frameworks";
				PRODUCT_BUNDLE_IDENTIFIER = com.bleiweiss.Thesis;
				PRODUCT_NAME = Moot;
				PROVISIONING_PROFILE = "";
			};
			name = Release;
		};
		80ED1F251BB25A400011A410 /* Debug */ = {
			isa = XCBuildConfiguration;
			baseConfigurationReference = A29897A7F59ED46F5CC3779B /* Pods.debug.xcconfig */;
			buildSettings = {
				BUNDLE_LOADER = "$(TEST_HOST)";
				FRAMEWORK_SEARCH_PATHS = (
					"$(SDKROOT)/Developer/Library/Frameworks",
					"$(inherited)",
				);
				GCC_PREPROCESSOR_DEFINITIONS = (
					"DEBUG=1",
					"$(inherited)",
				);
				INFOPLIST_FILE = ThesisTests/Info.plist;
				LD_RUNPATH_SEARCH_PATHS = "$(inherited) @executable_path/Frameworks @loader_path/Frameworks";
				PRODUCT_BUNDLE_IDENTIFIER = "com.bleiweiss.$(PRODUCT_NAME:rfc1034identifier)";
				PRODUCT_NAME = Moot;
				TEST_HOST = "$(BUILT_PRODUCTS_DIR)/Moot.app/Moot";
			};
			name = Debug;
		};
		80ED1F261BB25A400011A410 /* Release */ = {
			isa = XCBuildConfiguration;
			baseConfigurationReference = 30C934D8C887B31102363E45 /* Pods.release.xcconfig */;
			buildSettings = {
				BUNDLE_LOADER = "$(TEST_HOST)";
				FRAMEWORK_SEARCH_PATHS = (
					"$(SDKROOT)/Developer/Library/Frameworks",
					"$(inherited)",
				);
				INFOPLIST_FILE = ThesisTests/Info.plist;
				LD_RUNPATH_SEARCH_PATHS = "$(inherited) @executable_path/Frameworks @loader_path/Frameworks";
				PRODUCT_BUNDLE_IDENTIFIER = "com.bleiweiss.$(PRODUCT_NAME:rfc1034identifier)";
				PRODUCT_NAME = Moot;
				TEST_HOST = "$(BUILT_PRODUCTS_DIR)/Moot.app/Moot";
			};
			name = Release;
		};
/* End XCBuildConfiguration section */

/* Begin XCConfigurationList section */
		80ED1EFD1BB25A400011A410 /* Build configuration list for PBXProject "Thesis" */ = {
			isa = XCConfigurationList;
			buildConfigurations = (
				80ED1F1F1BB25A400011A410 /* Debug */,
				80ED1F201BB25A400011A410 /* Release */,
			);
			defaultConfigurationIsVisible = 0;
			defaultConfigurationName = Release;
		};
		80ED1F211BB25A400011A410 /* Build configuration list for PBXNativeTarget "Thesis" */ = {
			isa = XCConfigurationList;
			buildConfigurations = (
				80ED1F221BB25A400011A410 /* Debug */,
				80ED1F231BB25A400011A410 /* Release */,
			);
			defaultConfigurationIsVisible = 0;
			defaultConfigurationName = Release;
		};
		80ED1F241BB25A400011A410 /* Build configuration list for PBXNativeTarget "ThesisTests" */ = {
			isa = XCConfigurationList;
			buildConfigurations = (
				80ED1F251BB25A400011A410 /* Debug */,
				80ED1F261BB25A400011A410 /* Release */,
			);
			defaultConfigurationIsVisible = 0;
			defaultConfigurationName = Release;
		};
/* End XCConfigurationList section */
	};
	rootObject = 80ED1EFA1BB25A400011A410 /* Project object */;
}
